# THIS IS AN AUTOGENERATED FILE. DO NOT EDIT THIS FILE DIRECTLY.
# yarn lockfile v1


babel-runtime@^5.8.20:
  version "5.8.38"
  resolved "https://registry.yarnpkg.com/babel-runtime/-/babel-runtime-5.8.38.tgz#1c0b02eb63312f5f087ff20450827b425c9d4c19"
  dependencies:
    core-js "^1.0.0"

base-x@^1.0.1:
  version "1.1.0"
  resolved "https://registry.yarnpkg.com/base-x/-/base-x-1.1.0.tgz#42d3d717474f9ea02207f6d1aa1f426913eeb7ac"

bn.js@^3.1.1:
  version "3.3.0"
  resolved "https://registry.yarnpkg.com/bn.js/-/bn.js-3.3.0.tgz#1138e577889fdc97bbdab51844f2190dfc0ae3d7"

brorand@^1.0.1, brorand@^1.0.5:
  version "1.1.0"
  resolved "https://registry.yarnpkg.com/brorand/-/brorand-1.1.0.tgz#12c25efe40a45e3c323eb8675a0a0ce57b22371f"

core-js@^1.0.0:
  version "1.2.7"
  resolved "https://registry.yarnpkg.com/core-js/-/core-js-1.2.7.tgz#652294c14651db28fa93bd2d5ff2983a4f08c636"

elliptic@^5.1.0:
  version "5.2.1"
  resolved "http://registry.npmjs.org/elliptic/-/elliptic-5.2.1.tgz#fa294b6563c6ddbc9ba3dc8594687ae840858f10"
  dependencies:
    bn.js "^3.1.1"
    brorand "^1.0.1"
    hash.js "^1.0.0"
    inherits "^2.0.1"

hash.js@^1.0.0, hash.js@^1.0.3:
  version "1.1.5"
  resolved "https://registry.yarnpkg.com/hash.js/-/hash.js-1.1.5.tgz#e38ab4b85dfb1e0c40fe9265c0e9b54854c23812"
  dependencies:
    inherits "^2.0.3"
    minimalistic-assert "^1.0.1"

inherits@^2.0.1, inherits@^2.0.3:
  version "2.0.3"
  resolved "https://registry.yarnpkg.com/inherits/-/inherits-2.0.3.tgz#633c2c83e3da42a502f52466022480f4208261de"

minimalistic-assert@^1.0.1:
  version "1.0.1"
  resolved "https://registry.yarnpkg.com/minimalistic-assert/-/minimalistic-assert-1.0.1.tgz#2e194de044626d4a10e7f7fbc00ce73e83e4d5c7"

ripple-address-codec@^2.0.1:
  version "2.0.1"
  resolved "https://registry.yarnpkg.com/ripple-address-codec/-/ripple-address-codec-2.0.1.tgz#eddbe3a7960d2e02c5c1c74fb9a9fa0d2dfb6571"
  dependencies:
    hash.js "^1.0.3"
    x-address-codec "^0.7.0"

ripple-keypairs@^0.10.1:
  version "0.10.1"
  resolved "https://registry.yarnpkg.com/ripple-keypairs/-/ripple-keypairs-0.10.1.tgz#ef796b519bb202682515e7cdd6063762636943e6"
  dependencies:
    babel-runtime "^5.8.20"
    bn.js "^3.1.1"
    brorand "^1.0.5"
    elliptic "^5.1.0"
    hash.js "^1.0.3"
    ripple-address-codec "^2.0.1"

x-address-codec@^0.7.0:
  version "0.7.2"
  resolved "https://registry.yarnpkg.com/x-address-codec/-/x-address-codec-0.7.2.tgz#2a2f7bb00278520bd13733a7959a05443d6802e0"
  dependencies:
    base-x "^1.0.1"
